// !$*UTF8*$!
{
	archiveVersion = 1;
	classes = {
	};
	objectVersion = 56;
	objects = {

/* Begin PBXBuildFile section */
		EDA8EACB29A1290F00227E0B /* Personne.swift in Sources */ = {isa = PBXBuildFile; fileRef = EDA8EACA29A1290F00227E0B /* Personne.swift */; };
		EDA8EACD29A12AF900227E0B /* data.json in Resources */ = {isa = PBXBuildFile; fileRef = EDA8EACC29A12AF800227E0B /* data.json */; };
		EDA8EACF29A12D4E00227E0B /* LoadData.swift in Sources */ = {isa = PBXBuildFile; fileRef = EDA8EACE29A12D4E00227E0B /* LoadData.swift */; };
		EDA8EAD129A12D9200227E0B /* PersonneRow.swift in Sources */ = {isa = PBXBuildFile; fileRef = EDA8EAD029A12D9200227E0B /* PersonneRow.swift */; };
		EDA8EAD429A1420B00227E0B /* PersonneList.swift in Sources */ = {isa = PBXBuildFile; fileRef = EDA8EAD329A1420B00227E0B /* PersonneList.swift */; };
		EDA8EAD629A1481B00227E0B /* PersonneDetail.swift in Sources */ = {isa = PBXBuildFile; fileRef = EDA8EAD529A1481B00227E0B /* PersonneDetail.swift */; };
		EDEA858929A1025300115D21 /* LunabeeApp.swift in Sources */ = {isa = PBXBuildFile; fileRef = EDEA858829A1025300115D21 /* LunabeeApp.swift */; };
		EDEA858B29A1025300115D21 /* ContentView.swift in Sources */ = {isa = PBXBuildFile; fileRef = EDEA858A29A1025300115D21 /* ContentView.swift */; };
		EDEA858D29A1025500115D21 /* Assets.xcassets in Resources */ = {isa = PBXBuildFile; fileRef = EDEA858C29A1025500115D21 /* Assets.xcassets */; };
		EDEA859029A1025500115D21 /* Preview Assets.xcassets in Resources */ = {isa = PBXBuildFile; fileRef = EDEA858F29A1025500115D21 /* Preview Assets.xcassets */; };
/* End PBXBuildFile section */

/* Begin PBXFileReference section */
		EDA8EACA29A1290F00227E0B /* Personne.swift */ = {isa = PBXFileReference; lastKnownFileType = sourcecode.swift; path = Personne.swift; sourceTree = "<group>"; };
		EDA8EACC29A12AF800227E0B /* data.json */ = {isa = PBXFileReference; fileEncoding = 4; lastKnownFileType = text.json; path = data.json; sourceTree = "<group>"; };
		EDA8EACE29A12D4E00227E0B /* LoadData.swift */ = {isa = PBXFileReference; lastKnownFileType = sourcecode.swift; path = LoadData.swift; sourceTree = "<group>"; };
		EDA8EAD029A12D9200227E0B /* PersonneRow.swift */ = {isa = PBXFileReference; lastKnownFileType = sourcecode.swift; path = PersonneRow.swift; sourceTree = "<group>"; };
		EDA8EAD329A1420B00227E0B /* PersonneList.swift */ = {isa = PBXFileReference; lastKnownFileType = sourcecode.swift; path = PersonneList.swift; sourceTree = "<group>"; };
		EDA8EAD529A1481B00227E0B /* PersonneDetail.swift */ = {isa = PBXFileReference; lastKnownFileType = sourcecode.swift; path = PersonneDetail.swift; sourceTree = "<group>"; };
		EDEA858529A1025300115D21 /* Lunabee.app */ = {isa = PBXFileReference; explicitFileType = wrapper.application; includeInIndex = 0; path = Lunabee.app; sourceTree = BUILT_PRODUCTS_DIR; };
		EDEA858829A1025300115D21 /* LunabeeApp.swift */ = {isa = PBXFileReference; lastKnownFileType = sourcecode.swift; path = LunabeeApp.swift; sourceTree = "<group>"; };
		EDEA858A29A1025300115D21 /* ContentView.swift */ = {isa = PBXFileReference; lastKnownFileType = sourcecode.swift; path = ContentView.swift; sourceTree = "<group>"; };
		EDEA858C29A1025500115D21 /* Assets.xcassets */ = {isa = PBXFileReference; lastKnownFileType = folder.assetcatalog; path = Assets.xcassets; sourceTree = "<group>"; };
		EDEA858F29A1025500115D21 /* Preview Assets.xcassets */ = {isa = PBXFileReference; lastKnownFileType = folder.assetcatalog; path = "Preview Assets.xcassets"; sourceTree = "<group>"; };
/* End PBXFileReference section */

/* Begin PBXFrameworksBuildPhase section */
		EDEA858229A1025300115D21 /* Frameworks */ = {
			isa = PBXFrameworksBuildPhase;
			buildActionMask = 2147483647;
			files = (
			);
			runOnlyForDeploymentPostprocessing = 0;
		};
/* End PBXFrameworksBuildPhase section */

/* Begin PBXGroup section */
		EDA8EAD229A13EB600227E0B /* Views */ = {
			isa = PBXGroup;
			children = (
				EDEA858A29A1025300115D21 /* ContentView.swift */,
				EDA8EAD029A12D9200227E0B /* PersonneRow.swift */,
				EDA8EAD329A1420B00227E0B /* PersonneList.swift */,
				EDA8EAD529A1481B00227E0B /* PersonneDetail.swift */,
			);
			path = Views;
			sourceTree = "<group>";
		};
		EDEA857C29A1025300115D21 = {
			isa = PBXGroup;
			children = (
				EDEA858729A1025300115D21 /* Lunabee */,
				EDEA858629A1025300115D21 /* Products */,
			);
			sourceTree = "<group>";
		};
		EDEA858629A1025300115D21 /* Products */ = {
			isa = PBXGroup;
			children = (
				EDEA858529A1025300115D21 /* Lunabee.app */,
			);
			name = Products;
			sourceTree = "<group>";
		};
		EDEA858729A1025300115D21 /* Lunabee */ = {
			isa = PBXGroup;
			children = (
				EDA8EACC29A12AF800227E0B /* data.json */,
				EDEA858829A1025300115D21 /* LunabeeApp.swift */,
				EDA8EAD229A13EB600227E0B /* Views */,
				EDA8EACA29A1290F00227E0B /* Personne.swift */,
				EDA8EACE29A12D4E00227E0B /* LoadData.swift */,
				EDEA858C29A1025500115D21 /* Assets.xcassets */,
				EDEA858E29A1025500115D21 /* Preview Content */,
			);
			path = Lunabee;
			sourceTree = "<group>";
		};
		EDEA858E29A1025500115D21 /* Preview Content */ = {
			isa = PBXGroup;
			children = (
				EDEA858F29A1025500115D21 /* Preview Assets.xcassets */,
			);
			path = "Preview Content";
			sourceTree = "<group>";
		};
/* End PBXGroup section */

/* Begin PBXNativeTarget section */
		EDEA858429A1025300115D21 /* Lunabee */ = {
			isa = PBXNativeTarget;
			buildConfigurationList = EDEA859329A1025500115D21 /* Build configuration list for PBXNativeTarget "Lunabee" */;
			buildPhases = (
				EDEA858129A1025300115D21 /* Sources */,
				EDEA858229A1025300115D21 /* Frameworks */,
				EDEA858329A1025300115D21 /* Resources */,
			);
			buildRules = (
			);
			dependencies = (
			);
			name = Lunabee;
			productName = Lunabee;
			productReference = EDEA858529A1025300115D21 /* Lunabee.app */;
			productType = "com.apple.product-type.application";
		};
/* End PBXNativeTarget section */

/* Begin PBXProject section */
		EDEA857D29A1025300115D21 /* Project object */ = {
			isa = PBXProject;
			attributes = {
				BuildIndependentTargetsInParallel = 1;
				LastSwiftUpdateCheck = 1420;
				LastUpgradeCheck = 1420;
				TargetAttributes = {
					EDEA858429A1025300115D21 = {
						CreatedOnToolsVersion = 14.2;
					};
				};
			};
			buildConfigurationList = EDEA858029A1025300115D21 /* Build configuration list for PBXProject "Lunabee" */;
			compatibilityVersion = "Xcode 14.0";
			developmentRegion = en;
			hasScannedForEncodings = 0;
			knownRegions = (
				en,
				Base,
			);
			mainGroup = EDEA857C29A1025300115D21;
			productRefGroup = EDEA858629A1025300115D21 /* Products */;
			projectDirPath = "";
			projectRoot = "";
			targets = (
				EDEA858429A1025300115D21 /* Lunabee */,
			);
		};
/* End PBXProject section */

/* Begin PBXResourcesBuildPhase section */
		EDEA858329A1025300115D21 /* Resources */ = {
			isa = PBXResourcesBuildPhase;
			buildActionMask = 2147483647;
			files = (
				EDEA859029A1025500115D21 /* Preview Assets.xcassets in Resources */,
				EDA8EACD29A12AF900227E0B /* data.json in Resources */,
				EDEA858D29A1025500115D21 /* Assets.xcassets in Resources */,
			);
			runOnlyForDeploymentPostprocessing = 0;
		};
/* End PBXResourcesBuildPhase section */

/* Begin PBXSourcesBuildPhase section */
		EDEA858129A1025300115D21 /* Sources */ = {
			isa = PBXSourcesBuildPhase;
			buildActionMask = 2147483647;
			files = (
				EDEA858B29A1025300115D21 /* ContentView.swift in Sources */,
				EDA8EAD429A1420B00227E0B /* PersonneList.swift in Sources */,
				EDEA858929A1025300115D21 /* LunabeeApp.swift in Sources */,
				EDA8EAD129A12D9200227E0B /* PersonneRow.swift in Sources */,
				EDA8EACB29A1290F00227E0B /* Personne.swift in Sources */,
				EDA8EACF29A12D4E00227E0B /* LoadData.swift in Sources */,
				EDA8EAD629A1481B00227E0B /* PersonneDetail.swift in Sources */,
			);
			runOnlyForDeploymentPostprocessing = 0;
		};
/* End PBXSourcesBuildPhase section */

/* Begin XCBuildConfiguration section */
		EDEA859129A1025500115D21 /* Debug */ = {
			isa = XCBuildConfiguration;
			buildSettings = {
				ALWAYS_SEARCH_USER_PATHS = NO;
				CLANG_ANALYZER_NONNULL = YES;
				CLANG_ANALYZER_NUMBER_OBJECT_CONVERSION = YES_AGGRESSIVE;
				CLANG_CXX_LANGUAGE_STANDARD = "gnu++20";
				CLANG_ENABLE_MODULES = YES;
				CLANG_ENABLE_OBJC_ARC = YES;
				CLANG_ENABLE_OBJC_WEAK = YES;
				CLANG_WARN_BLOCK_CAPTURE_AUTORELEASING = YES;
				CLANG_WARN_BOOL_CONVERSION = YES;
				CLANG_WARN_COMMA = YES;
				CLANG_WARN_CONSTANT_CONVERSION = YES;
				CLANG_WARN_DEPRECATED_OBJC_IMPLEMENTATIONS = YES;
				CLANG_WARN_DIRECT_OBJC_ISA_USAGE = YES_ERROR;
				CLANG_WARN_DOCUMENTATION_COMMENTS = YES;
				CLANG_WARN_EMPTY_BODY = YES;
				CLANG_WARN_ENUM_CONVERSION = YES;
				CLANG_WARN_INFINITE_RECURSION = YES;
				CLANG_WARN_INT_CONVERSION = YES;
				CLANG_WARN_NON_LITERAL_NULL_CONVERSION = YES;
				CLANG_WARN_OBJC_IMPLICIT_RETAIN_SELF = YES;
				CLANG_WARN_OBJC_LITERAL_CONVERSION = YES;
				CLANG_WARN_OBJC_ROOT_CLASS = YES_ERROR;
				CLANG_WARN_QUOTED_INCLUDE_IN_FRAMEWORK_HEADER = YES;
				CLANG_WARN_RANGE_LOOP_ANALYSIS = YES;
				CLANG_WARN_STRICT_PROTOTYPES = YES;
				CLANG_WARN_SUSPICIOUS_MOVE = YES;
				CLANG_WARN_UNGUARDED_AVAILABILITY = YES_AGGRESSIVE;
				CLANG_WARN_UNREACHABLE_CODE = YES;
				CLANG_WARN__DUPLICATE_METHOD_MATCH = YES;
				COPY_PHASE_STRIP = NO;
				DEBUG_INFORMATION_FORMAT = dwarf;
				ENABLE_STRICT_OBJC_MSGSEND = YES;
				ENABLE_TESTABILITY = YES;
				GCC_C_LANGUAGE_STANDARD = gnu11;
				GCC_DYNAMIC_NO_PIC = NO;
				GCC_NO_COMMON_BLOCKS = YES;
				GCC_OPTIMIZATION_LEVEL = 0;
				GCC_PREPROCESSOR_DEFINITIONS = (
					"DEBUG=1",
					"$(inherited)",
				);
				GCC_WARN_64_TO_32_BIT_CONVERSION = YES;
				GCC_WARN_ABOUT_RETURN_TYPE = YES_ERROR;
				GCC_WARN_UNDECLARED_SELECTOR = YES;
				GCC_WARN_UNINITIALIZED_AUTOS = YES_AGGRESSIVE;
				GCC_WARN_UNUSED_FUNCTION = YES;
				GCC_WARN_UNUSED_VARIABLE = YES;
				IPHONEOS_DEPLOYMENT_TARGET = 16.2;
				MTL_ENABLE_DEBUG_INFO = INCLUDE_SOURCE;
				MTL_FAST_MATH = YES;
				ONLY_ACTIVE_ARCH = YES;
				SDKROOT = iphoneos;
				SWIFT_ACTIVE_COMPILATION_CONDITIONS = DEBUG;
				SWIFT_OPTIMIZATION_LEVEL = "-Onone";
			};
			name = Debug;
		};
		EDEA859229A1025500115D21 /* Release */ = {
			isa = XCBuildConfiguration;
			buildSettings = {
				ALWAYS_SEARCH_USER_PATHS = NO;
				CLANG_ANALYZER_NONNULL = YES;
				CLANG_ANALYZER_NUMBER_OBJECT_CONVERSION = YES_AGGRESSIVE;
				CLANG_CXX_LANGUAGE_STANDARD = "gnu++20";
				CLANG_ENABLE_MODULES = YES;
				CLANG_ENABLE_OBJC_ARC = YES;
				CLANG_ENABLE_OBJC_WEAK = YES;
				CLANG_WARN_BLOCK_CAPTURE_AUTORELEASING = YES;
				CLANG_WARN_BOOL_CONVERSION = YES;
				CLANG_WARN_COMMA = YES;
				CLANG_WARN_CONSTANT_CONVERSION = YES;
				CLANG_WARN_DEPRECATED_OBJC_IMPLEMENTATIONS = YES;
				CLANG_WARN_DIRECT_OBJC_ISA_USAGE = YES_ERROR;
				CLANG_WARN_DOCUMENTATION_COMMENTS = YES;
				CLANG_WARN_EMPTY_BODY = YES;
				CLANG_WARN_ENUM_CONVERSION = YES;
				CLANG_WARN_INFINITE_RECURSION = YES;
				CLANG_WARN_INT_CONVERSION = YES;
				CLANG_WARN_NON_LITERAL_NULL_CONVERSION = YES;
				CLANG_WARN_OBJC_IMPLICIT_RETAIN_SELF = YES;
				CLANG_WARN_OBJC_LITERAL_CONVERSION = YES;
				CLANG_WARN_OBJC_ROOT_CLASS = YES_ERROR;
				CLANG_WARN_QUOTED_INCLUDE_IN_FRAMEWORK_HEADER = YES;
				CLANG_WARN_RANGE_LOOP_ANALYSIS = YES;
				CLANG_WARN_STRICT_PROTOTYPES = YES;
				CLANG_WARN_SUSPICIOUS_MOVE = YES;
				CLANG_WARN_UNGUARDED_AVAILABILITY = YES_AGGRESSIVE;
				CLANG_WARN_UNREACHABLE_CODE = YES;
				CLANG_WARN__DUPLICATE_METHOD_MATCH = YES;
				COPY_PHASE_STRIP = NO;
				DEBUG_INFORMATION_FORMAT = "dwarf-with-dsym";
				ENABLE_NS_ASSERTIONS = NO;
				ENABLE_STRICT_OBJC_MSGSEND = YES;
				GCC_C_LANGUAGE_STANDARD = gnu11;
				GCC_NO_COMMON_BLOCKS = YES;
				GCC_WARN_64_TO_32_BIT_CONVERSION = YES;
				GCC_WARN_ABOUT_RETURN_TYPE = YES_ERROR;
				GCC_WARN_UNDECLARED_SELECTOR = YES;
				GCC_WARN_UNINITIALIZED_AUTOS = YES_AGGRESSIVE;
				GCC_WARN_UNUSED_FUNCTION = YES;
				GCC_WARN_UNUSED_VARIABLE = YES;
				IPHONEOS_DEPLOYMENT_TARGET = 16.2;
				MTL_ENABLE_DEBUG_INFO = NO;
				MTL_FAST_MATH = YES;
				SDKROOT = iphoneos;
				SWIFT_COMPILATION_MODE = wholemodule;
				SWIFT_OPTIMIZATION_LEVEL = "-O";
				VALIDATE_PRODUCT = YES;
			};
			name = Release;
		};
		EDEA859429A1025500115D21 /* Debug */ = {
			isa = XCBuildConfiguration;
			buildSettings = {
				ASSETCATALOG_COMPILER_APPICON_NAME = AppIcon;
				ASSETCATALOG_COMPILER_GLOBAL_ACCENT_COLOR_NAME = AccentColor;
				CODE_SIGN_STYLE = Automatic;
				CURRENT_PROJECT_VERSION = 1;
				DEVELOPMENT_ASSET_PATHS = "\"Lunabee/Preview Content\"";
				DEVELOPMENT_TEAM = 28YNB57Y34;
				ENABLE_PREVIEWS = YES;
				GENERATE_INFOPLIST_FILE = YES;
				INFOPLIST_KEY_UIApplicationSceneManifest_Generation = YES;
				INFOPLIST_KEY_UIApplicationSupportsIndirectInputEvents = YES;
				INFOPLIST_KEY_UILaunchScreen_Generation = YES;
				INFOPLIST_KEY_UISupportedInterfaceOrientations_iPad = "UIInterfaceOrientationPortrait UIInterfaceOrientationPortraitUpsideDown UIInterfaceOrientationLandscapeLeft UIInterfaceOrientationLandscapeRight";
				INFOPLIST_KEY_UISupportedInterfaceOrientations_iPhone = "UIInterfaceOrientationPortrait UIInterfaceOrientationLandscapeLeft UIInterfaceOrientationLandscapeRight";
				LD_RUNPATH_SEARCH_PATHS = (
					"$(inherited)",
					"@executable_path/Frameworks",
				);
				MARKETING_VERSION = 1.0;
				PRODUCT_BUNDLE_IDENTIFIER = io.waranga.Lunabee;
				PRODUCT_NAME = "$(TARGET_NAME)";
				SWIFT_EMIT_LOC_STRINGS = YES;
				SWIFT_VERSION = 5.0;
				TARGETED_DEVICE_FAMILY = "1,2";
			};
			name = Debug;
		};
		EDEA859529A1025500115D21 /* Release */ = {
			isa = XCBuildConfiguration;
			buildSettings = {
				ASSETCATALOG_COMPILER_APPICON_NAME = AppIcon;
				ASSETCATALOG_COMPILER_GLOBAL_ACCENT_COLOR_NAME = AccentColor;
				CODE_SIGN_STYLE = Automatic;
				CURRENT_PROJECT_VERSION = 1;
				DEVELOPMENT_ASSET_PATHS = "\"Lunabee/Preview Content\"";
				DEVELOPMENT_TEAM = 28YNB57Y34;
				ENABLE_PREVIEWS = YES;
				GENERATE_INFOPLIST_FILE = YES;
				INFOPLIST_KEY_UIApplicationSceneManifest_Generation = YES;
				INFOPLIST_KEY_UIApplicationSupportsIndirectInputEvents = YES;
				INFOPLIST_KEY_UILaunchScreen_Generation = YES;
				INFOPLIST_KEY_UISupportedInterfaceOrientations_iPad = "UIInterfaceOrientationPortrait UIInterfaceOrientationPortraitUpsideDown UIInterfaceOrientationLandscapeLeft UIInterfaceOrientationLandscapeRight";
				INFOPLIST_KEY_UISupportedInterfaceOrientations_iPhone = "UIInterfaceOrientationPortrait UIInterfaceOrientationLandscapeLeft UIInterfaceOrientationLandscapeRight";
				LD_RUNPATH_SEARCH_PATHS = (
					"$(inherited)",
					"@executable_path/Frameworks",
				);
				MARKETING_VERSION = 1.0;
				PRODUCT_BUNDLE_IDENTIFIER = io.waranga.Lunabee;
				PRODUCT_NAME = "$(TARGET_NAME)";
				SWIFT_EMIT_LOC_STRINGS = YES;
				SWIFT_VERSION = 5.0;
				TARGETED_DEVICE_FAMILY = "1,2";
			};
			name = Release;
		};
/* End XCBuildConfiguration section */

/* Begin XCConfigurationList section */
		EDEA858029A1025300115D21 /* Build configuration list for PBXProject "Lunabee" */ = {
			isa = XCConfigurationList;
			buildConfigurations = (
				EDEA859129A1025500115D21 /* Debug */,
				EDEA859229A1025500115D21 /* Release */,
			);
			defaultConfigurationIsVisible = 0;
			defaultConfigurationName = Release;
		};
		EDEA859329A1025500115D21 /* Build configuration list for PBXNativeTarget "Lunabee" */ = {
			isa = XCConfigurationList;
			buildConfigurations = (
				EDEA859429A1025500115D21 /* Debug */,
				EDEA859529A1025500115D21 /* Release */,
			);
			defaultConfigurationIsVisible = 0;
			defaultConfigurationName = Release;
		};
/* End XCConfigurationList section */
	};
	rootObject = EDEA857D29A1025300115D21 /* Project object */;
}
